
Microsoft Visual Studio Solution File, Format Version 12.00
# Visual Studio Version 16
VisualStudioVersion = 16.0.30128.74
MinimumVisualStudioVersion = 10.0.40219.1
Project("{FAE04EC0-301F-11D3-BF4B-00C04F79EFBC}") = "AbstractClass", "AbstractClass\AbstractClass.csproj", "{D2B1EA74-067D-418C-A134-3EFB5560C9D0}"
EndProject
Global
	GlobalSection(SolutionConfigurationPlatforms) = preSolution
		Debug|Any CPU = Debug|Any CPU
		Release|Any CPU = Release|Any CPU
	EndGlobalSection
	GlobalSection(ProjectConfigurationPlatforms) = postSolution
		{D2B1EA74-067D-418C-A134-3EFB5560C9D0}.Debug|Any CPU.ActiveCfg = Debug|Any CPU
		{D2B1EA74-067D-418C-A134-3EFB5560C9D0}.Debug|Any CPU.Build.0 = Debug|Any CPU
		{D2B1EA74-067D-418C-A134-3EFB5560C9D0}.Release|Any CPU.ActiveCfg = Release|Any CPU
		{D2B1EA74-067D-418C-A134-3EFB5560C9D0}.Release|Any CPU.Build.0 = Release|Any CPU
	EndGlobalSection
	GlobalSection(SolutionProperties) = preSolution
		HideSolutionNode = FALSE
	EndGlobalSection
	GlobalSection(ExtensibilityGlobals) = postSolution
		SolutionGuid = {34199F43-7242-45F6-B6DF-47F79DC872AC}
	EndGlobalSection
EndGlobal
